// !$*UTF8*$!
{
	archiveVersion = 1;
	classes = {
	};
	objectVersion = 46;
	objects = {

/* Begin PBXBuildFile section */
		32AC986C18B4FB2F0047AA9C /* Foundation.framework in Frameworks */ = {isa = PBXBuildFile; fileRef = 32AC986B18B4FB2F0047AA9C /* Foundation.framework */; };
		32AC986E18B4FB2F0047AA9C /* CoreGraphics.framework in Frameworks */ = {isa = PBXBuildFile; fileRef = 32AC986D18B4FB2F0047AA9C /* CoreGraphics.framework */; };
		32AC987018B4FB2F0047AA9C /* UIKit.framework in Frameworks */ = {isa = PBXBuildFile; fileRef = 32AC986F18B4FB2F0047AA9C /* UIKit.framework */; };
		32AC987618B4FB2F0047AA9C /* InfoPlist.strings in Resources */ = {isa = PBXBuildFile; fileRef = 32AC987418B4FB2F0047AA9C /* InfoPlist.strings */; };
		32AC987818B4FB2F0047AA9C /* main.m in Sources */ = {isa = PBXBuildFile; fileRef = 32AC987718B4FB2F0047AA9C /* main.m */; };
		32AC987C18B4FB2F0047AA9C /* WUAppDelegate.m in Sources */ = {isa = PBXBuildFile; fileRef = 32AC987B18B4FB2F0047AA9C /* WUAppDelegate.m */; };
		32AC987E18B4FB2F0047AA9C /* Images.xcassets in Resources */ = {isa = PBXBuildFile; fileRef = 32AC987D18B4FB2F0047AA9C /* Images.xcassets */; };
		32AC988518B4FB2F0047AA9C /* XCTest.framework in Frameworks */ = {isa = PBXBuildFile; fileRef = 32AC988418B4FB2F0047AA9C /* XCTest.framework */; };
		32AC988618B4FB2F0047AA9C /* Foundation.framework in Frameworks */ = {isa = PBXBuildFile; fileRef = 32AC986B18B4FB2F0047AA9C /* Foundation.framework */; };
		32AC988718B4FB2F0047AA9C /* UIKit.framework in Frameworks */ = {isa = PBXBuildFile; fileRef = 32AC986F18B4FB2F0047AA9C /* UIKit.framework */; };
		32AC988F18B4FB2F0047AA9C /* InfoPlist.strings in Resources */ = {isa = PBXBuildFile; fileRef = 32AC988D18B4FB2F0047AA9C /* InfoPlist.strings */; };
		32AC989118B4FB2F0047AA9C /* warmup2Tests.m in Sources */ = {isa = PBXBuildFile; fileRef = 32AC989018B4FB2F0047AA9C /* warmup2Tests.m */; };
		32AC989F18B4FE240047AA9C /* LoginScreen.m in Sources */ = {isa = PBXBuildFile; fileRef = 32AC989D18B4FE240047AA9C /* LoginScreen.m */; };
		32AC98A018B4FE240047AA9C /* LoginScreen.xib in Resources */ = {isa = PBXBuildFile; fileRef = 32AC989E18B4FE240047AA9C /* LoginScreen.xib */; };
		32AC98A618B4FF940047AA9C /* WelcomeScreen.m in Sources */ = {isa = PBXBuildFile; fileRef = 32AC98A418B4FF940047AA9C /* WelcomeScreen.m */; };
		32AC98A718B4FF940047AA9C /* WelcomeScreen.xib in Resources */ = {isa = PBXBuildFile; fileRef = 32AC98A518B4FF940047AA9C /* WelcomeScreen.xib */; };
/* End PBXBuildFile section */

/* Begin PBXContainerItemProxy section */
		32AC988818B4FB2F0047AA9C /* PBXContainerItemProxy */ = {
			isa = PBXContainerItemProxy;
			containerPortal = 32AC986018B4FB2F0047AA9C /* Project object */;
			proxyType = 1;
			remoteGlobalIDString = 32AC986718B4FB2F0047AA9C;
			remoteInfo = warmup2;
		};
/* End PBXContainerItemProxy section */

/* Begin PBXFileReference section */
		32AC986818B4FB2F0047AA9C /* warmup2.app */ = {isa = PBXFileReference; explicitFileType = wrapper.application; includeInIndex = 0; path = warmup2.app; sourceTree = BUILT_PRODUCTS_DIR; };
		32AC986B18B4FB2F0047AA9C /* Foundation.framework */ = {isa = PBXFileReference; lastKnownFileType = wrapper.framework; name = Foundation.framework; path = System/Library/Frameworks/Foundation.framework; sourceTree = SDKROOT; };
		32AC986D18B4FB2F0047AA9C /* CoreGraphics.framework */ = {isa = PBXFileReference; lastKnownFileType = wrapper.framework; name = CoreGraphics.framework; path = System/Library/Frameworks/CoreGraphics.framework; sourceTree = SDKROOT; };
		32AC986F18B4FB2F0047AA9C /* UIKit.framework */ = {isa = PBXFileReference; lastKnownFileType = wrapper.framework; name = UIKit.framework; path = System/Library/Frameworks/UIKit.framework; sourceTree = SDKROOT; };
		32AC987318B4FB2F0047AA9C /* warmup2-Info.plist */ = {isa = PBXFileReference; lastKnownFileType = text.plist.xml; path = "warmup2-Info.plist"; sourceTree = "<group>"; };
		32AC987518B4FB2F0047AA9C /* en */ = {isa = PBXFileReference; lastKnownFileType = text.plist.strings; name = en; path = en.lproj/InfoPlist.strings; sourceTree = "<group>"; };
		32AC987718B4FB2F0047AA9C /* main.m */ = {isa = PBXFileReference; lastKnownFileType = sourcecode.c.objc; path = main.m; sourceTree = "<group>"; };
		32AC987918B4FB2F0047AA9C /* warmup2-Prefix.pch */ = {isa = PBXFileReference; lastKnownFileType = sourcecode.c.h; path = "warmup2-Prefix.pch"; sourceTree = "<group>"; };
		32AC987A18B4FB2F0047AA9C /* WUAppDelegate.h */ = {isa = PBXFileReference; lastKnownFileType = sourcecode.c.h; path = WUAppDelegate.h; sourceTree = "<group>"; };
		32AC987B18B4FB2F0047AA9C /* WUAppDelegate.m */ = {isa = PBXFileReference; lastKnownFileType = sourcecode.c.objc; path = WUAppDelegate.m; sourceTree = "<group>"; };
		32AC987D18B4FB2F0047AA9C /* Images.xcassets */ = {isa = PBXFileReference; lastKnownFileType = folder.assetcatalog; path = Images.xcassets; sourceTree = "<group>"; };
		32AC988318B4FB2F0047AA9C /* warmup2Tests.xctest */ = {isa = PBXFileReference; explicitFileType = wrapper.cfbundle; includeInIndex = 0; path = warmup2Tests.xctest; sourceTree = BUILT_PRODUCTS_DIR; };
		32AC988418B4FB2F0047AA9C /* XCTest.framework */ = {isa = PBXFileReference; lastKnownFileType = wrapper.framework; name = XCTest.framework; path = Library/Frameworks/XCTest.framework; sourceTree = DEVELOPER_DIR; };
		32AC988C18B4FB2F0047AA9C /* warmup2Tests-Info.plist */ = {isa = PBXFileReference; lastKnownFileType = text.plist.xml; path = "warmup2Tests-Info.plist"; sourceTree = "<group>"; };
		32AC988E18B4FB2F0047AA9C /* en */ = {isa = PBXFileReference; lastKnownFileType = text.plist.strings; name = en; path = en.lproj/InfoPlist.strings; sourceTree = "<group>"; };
		32AC989018B4FB2F0047AA9C /* warmup2Tests.m */ = {isa = PBXFileReference; lastKnownFileType = sourcecode.c.objc; path = warmup2Tests.m; sourceTree = "<group>"; };
		32AC989C18B4FE240047AA9C /* LoginScreen.h */ = {isa = PBXFileReference; fileEncoding = 4; lastKnownFileType = sourcecode.c.h; path = LoginScreen.h; sourceTree = "<group>"; };
		32AC989D18B4FE240047AA9C /* LoginScreen.m */ = {isa = PBXFileReference; fileEncoding = 4; lastKnownFileType = sourcecode.c.objc; path = LoginScreen.m; sourceTree = "<group>"; };
		32AC989E18B4FE240047AA9C /* LoginScreen.xib */ = {isa = PBXFileReference; fileEncoding = 4; lastKnownFileType = file.xib; path = LoginScreen.xib; sourceTree = "<group>"; };
		32AC98A318B4FF940047AA9C /* WelcomeScreen.h */ = {isa = PBXFileReference; fileEncoding = 4; lastKnownFileType = sourcecode.c.h; path = WelcomeScreen.h; sourceTree = "<group>"; };
		32AC98A418B4FF940047AA9C /* WelcomeScreen.m */ = {isa = PBXFileReference; fileEncoding = 4; lastKnownFileType = sourcecode.c.objc; path = WelcomeScreen.m; sourceTree = "<group>"; };
		32AC98A518B4FF940047AA9C /* WelcomeScreen.xib */ = {isa = PBXFileReference; fileEncoding = 4; lastKnownFileType = file.xib; path = WelcomeScreen.xib; sourceTree = "<group>"; };
/* End PBXFileReference section */

/* Begin PBXFrameworksBuildPhase section */
		32AC986518B4FB2F0047AA9C /* Frameworks */ = {
			isa = PBXFrameworksBuildPhase;
			buildActionMask = 2147483647;
			files = (
				32AC986E18B4FB2F0047AA9C /* CoreGraphics.framework in Frameworks */,
				32AC987018B4FB2F0047AA9C /* UIKit.framework in Frameworks */,
				32AC986C18B4FB2F0047AA9C /* Foundation.framework in Frameworks */,
			);
			runOnlyForDeploymentPostprocessing = 0;
		};
		32AC988018B4FB2F0047AA9C /* Frameworks */ = {
			isa = PBXFrameworksBuildPhase;
			buildActionMask = 2147483647;
			files = (
				32AC988518B4FB2F0047AA9C /* XCTest.framework in Frameworks */,
				32AC988718B4FB2F0047AA9C /* UIKit.framework in Frameworks */,
				32AC988618B4FB2F0047AA9C /* Foundation.framework in Frameworks */,
			);
			runOnlyForDeploymentPostprocessing = 0;
		};
/* End PBXFrameworksBuildPhase section */

/* Begin PBXGroup section */
		32AC985F18B4FB2F0047AA9C = {
			isa = PBXGroup;
			children = (
				32AC987118B4FB2F0047AA9C /* warmup2 */,
				32AC988A18B4FB2F0047AA9C /* warmup2Tests */,
				32AC986A18B4FB2F0047AA9C /* Frameworks */,
				32AC986918B4FB2F0047AA9C /* Products */,
			);
			sourceTree = "<group>";
		};
		32AC986918B4FB2F0047AA9C /* Products */ = {
			isa = PBXGroup;
			children = (
				32AC986818B4FB2F0047AA9C /* warmup2.app */,
				32AC988318B4FB2F0047AA9C /* warmup2Tests.xctest */,
			);
			name = Products;
			sourceTree = "<group>";
		};
		32AC986A18B4FB2F0047AA9C /* Frameworks */ = {
			isa = PBXGroup;
			children = (
				32AC986B18B4FB2F0047AA9C /* Foundation.framework */,
				32AC986D18B4FB2F0047AA9C /* CoreGraphics.framework */,
				32AC986F18B4FB2F0047AA9C /* UIKit.framework */,
				32AC988418B4FB2F0047AA9C /* XCTest.framework */,
			);
			name = Frameworks;
			sourceTree = "<group>";
		};
		32AC987118B4FB2F0047AA9C /* warmup2 */ = {
			isa = PBXGroup;
			children = (
				32AC987A18B4FB2F0047AA9C /* WUAppDelegate.h */,
				32AC987B18B4FB2F0047AA9C /* WUAppDelegate.m */,
				32AC987D18B4FB2F0047AA9C /* Images.xcassets */,
				32AC987218B4FB2F0047AA9C /* Supporting Files */,
				32AC989C18B4FE240047AA9C /* LoginScreen.h */,
				32AC989D18B4FE240047AA9C /* LoginScreen.m */,
				32AC989E18B4FE240047AA9C /* LoginScreen.xib */,
				32AC98A318B4FF940047AA9C /* WelcomeScreen.h */,
				32AC98A418B4FF940047AA9C /* WelcomeScreen.m */,
				32AC98A518B4FF940047AA9C /* WelcomeScreen.xib */,
			);
			path = warmup2;
			sourceTree = "<group>";
		};
		32AC987218B4FB2F0047AA9C /* Supporting Files */ = {
			isa = PBXGroup;
			children = (
				32AC987318B4FB2F0047AA9C /* warmup2-Info.plist */,
				32AC987418B4FB2F0047AA9C /* InfoPlist.strings */,
				32AC987718B4FB2F0047AA9C /* main.m */,
				32AC987918B4FB2F0047AA9C /* warmup2-Prefix.pch */,
			);
			name = "Supporting Files";
			sourceTree = "<group>";
		};
		32AC988A18B4FB2F0047AA9C /* warmup2Tests */ = {
			isa = PBXGroup;
			children = (
				32AC989018B4FB2F0047AA9C /* warmup2Tests.m */,
				32AC988B18B4FB2F0047AA9C /* Supporting Files */,
			);
			path = warmup2Tests;
			sourceTree = "<group>";
		};
		32AC988B18B4FB2F0047AA9C /* Supporting Files */ = {
			isa = PBXGroup;
			children = (
				32AC988C18B4FB2F0047AA9C /* warmup2Tests-Info.plist */,
				32AC988D18B4FB2F0047AA9C /* InfoPlist.strings */,
			);
			name = "Supporting Files";
			sourceTree = "<group>";
		};
/* End PBXGroup section */

/* Begin PBXNativeTarget section */
		32AC986718B4FB2F0047AA9C /* warmup2 */ = {
			isa = PBXNativeTarget;
			buildConfigurationList = 32AC989418B4FB2F0047AA9C /* Build configuration list for PBXNativeTarget "warmup2" */;
			buildPhases = (
				32AC986418B4FB2F0047AA9C /* Sources */,
				32AC986518B4FB2F0047AA9C /* Frameworks */,
				32AC986618B4FB2F0047AA9C /* Resources */,
			);
			buildRules = (
			);
			dependencies = (
			);
			name = warmup2;
			productName = warmup2;
			productReference = 32AC986818B4FB2F0047AA9C /* warmup2.app */;
			productType = "com.apple.product-type.application";
		};
		32AC988218B4FB2F0047AA9C /* warmup2Tests */ = {
			isa = PBXNativeTarget;
			buildConfigurationList = 32AC989718B4FB2F0047AA9C /* Build configuration list for PBXNativeTarget "warmup2Tests" */;
			buildPhases = (
				32AC987F18B4FB2F0047AA9C /* Sources */,
				32AC988018B4FB2F0047AA9C /* Frameworks */,
				32AC988118B4FB2F0047AA9C /* Resources */,
			);
			buildRules = (
			);
			dependencies = (
				32AC988918B4FB2F0047AA9C /* PBXTargetDependency */,
			);
			name = warmup2Tests;
			productName = warmup2Tests;
			productReference = 32AC988318B4FB2F0047AA9C /* warmup2Tests.xctest */;
			productType = "com.apple.product-type.bundle.unit-test";
		};
/* End PBXNativeTarget section */

/* Begin PBXProject section */
		32AC986018B4FB2F0047AA9C /* Project object */ = {
			isa = PBXProject;
			attributes = {
				CLASSPREFIX = WU;
				LastUpgradeCheck = 0500;
				ORGANIZATIONNAME = com.yangxiang;
				TargetAttributes = {
					32AC988218B4FB2F0047AA9C = {
						TestTargetID = 32AC986718B4FB2F0047AA9C;
					};
				};
			};
			buildConfigurationList = 32AC986318B4FB2F0047AA9C /* Build configuration list for PBXProject "warmup2" */;
			compatibilityVersion = "Xcode 3.2";
			developmentRegion = English;
			hasScannedForEncodings = 0;
			knownRegions = (
				en,
			);
			mainGroup = 32AC985F18B4FB2F0047AA9C;
			productRefGroup = 32AC986918B4FB2F0047AA9C /* Products */;
			projectDirPath = "";
			projectRoot = "";
			targets = (
				32AC986718B4FB2F0047AA9C /* warmup2 */,
				32AC988218B4FB2F0047AA9C /* warmup2Tests */,
			);
		};
/* End PBXProject section */

/* Begin PBXResourcesBuildPhase section */
		32AC986618B4FB2F0047AA9C /* Resources */ = {
			isa = PBXResourcesBuildPhase;
			buildActionMask = 2147483647;
			files = (
				32AC98A018B4FE240047AA9C /* LoginScreen.xib in Resources */,
				32AC987618B4FB2F0047AA9C /* InfoPlist.strings in Resources */,
				32AC98A718B4FF940047AA9C /* WelcomeScreen.xib in Resources */,
				32AC987E18B4FB2F0047AA9C /* Images.xcassets in Resources */,
			);
			runOnlyForDeploymentPostprocessing = 0;
		};
		32AC988118B4FB2F0047AA9C /* Resources */ = {
			isa = PBXResourcesBuildPhase;
			buildActionMask = 2147483647;
			files = (
				32AC988F18B4FB2F0047AA9C /* InfoPlist.strings in Resources */,
			);
			runOnlyForDeploymentPostprocessing = 0;
		};
/* End PBXResourcesBuildPhase section */

/* Begin PBXSourcesBuildPhase section */
		32AC986418B4FB2F0047AA9C /* Sources */ = {
			isa = PBXSourcesBuildPhase;
			buildActionMask = 2147483647;
			files = (
				32AC987C18B4FB2F0047AA9C /* WUAppDelegate.m in Sources */,
				32AC989F18B4FE240047AA9C /* LoginScreen.m in Sources */,
				32AC98A618B4FF940047AA9C /* WelcomeScreen.m in Sources */,
				32AC987818B4FB2F0047AA9C /* main.m in Sources */,
			);
			runOnlyForDeploymentPostprocessing = 0;
		};
		32AC987F18B4FB2F0047AA9C /* Sources */ = {
			isa = PBXSourcesBuildPhase;
			buildActionMask = 2147483647;
			files = (
				32AC989118B4FB2F0047AA9C /* warmup2Tests.m in Sources */,
			);
			runOnlyForDeploymentPostprocessing = 0;
		};
/* End PBXSourcesBuildPhase section */

/* Begin PBXTargetDependency section */
		32AC988918B4FB2F0047AA9C /* PBXTargetDependency */ = {
			isa = PBXTargetDependency;
			target = 32AC986718B4FB2F0047AA9C /* warmup2 */;
			targetProxy = 32AC988818B4FB2F0047AA9C /* PBXContainerItemProxy */;
		};
/* End PBXTargetDependency section */

/* Begin PBXVariantGroup section */
		32AC987418B4FB2F0047AA9C /* InfoPlist.strings */ = {
			isa = PBXVariantGroup;
			children = (
				32AC987518B4FB2F0047AA9C /* en */,
			);
			name = InfoPlist.strings;
			sourceTree = "<group>";
		};
		32AC988D18B4FB2F0047AA9C /* InfoPlist.strings */ = {
			isa = PBXVariantGroup;
			children = (
				32AC988E18B4FB2F0047AA9C /* en */,
			);
			name = InfoPlist.strings;
			sourceTree = "<group>";
		};
/* End PBXVariantGroup section */

/* Begin XCBuildConfiguration section */
		32AC989218B4FB2F0047AA9C /* Debug */ = {
			isa = XCBuildConfiguration;
			buildSettings = {
				ALWAYS_SEARCH_USER_PATHS = NO;
				ARCHS = "$(ARCHS_STANDARD_INCLUDING_64_BIT)";
				CLANG_CXX_LANGUAGE_STANDARD = "gnu++0x";
				CLANG_CXX_LIBRARY = "libc++";
				CLANG_ENABLE_MODULES = YES;
				CLANG_ENABLE_OBJC_ARC = YES;
				CLANG_WARN_BOOL_CONVERSION = YES;
				CLANG_WARN_CONSTANT_CONVERSION = YES;
				CLANG_WARN_DIRECT_OBJC_ISA_USAGE = YES_ERROR;
				CLANG_WARN_EMPTY_BODY = YES;
				CLANG_WARN_ENUM_CONVERSION = YES;
				CLANG_WARN_INT_CONVERSION = YES;
				CLANG_WARN_OBJC_ROOT_CLASS = YES_ERROR;
				CLANG_WARN__DUPLICATE_METHOD_MATCH = YES;
				"CODE_SIGN_IDENTITY[sdk=iphoneos*]" = "iPhone Developer";
				COPY_PHASE_STRIP = NO;
				GCC_C_LANGUAGE_STANDARD = gnu99;
				GCC_DYNAMIC_NO_PIC = NO;
				GCC_OPTIMIZATION_LEVEL = 0;
				GCC_PREPROCESSOR_DEFINITIONS = (
					"DEBUG=1",
					"$(inherited)",
				);
				GCC_SYMBOLS_PRIVATE_EXTERN = NO;
				GCC_WARN_64_TO_32_BIT_CONVERSION = YES;
				GCC_WARN_ABOUT_RETURN_TYPE = YES_ERROR;
				GCC_WARN_UNDECLARED_SELECTOR = YES;
				GCC_WARN_UNINITIALIZED_AUTOS = YES;
				GCC_WARN_UNUSED_FUNCTION = YES;
				GCC_WARN_UNUSED_VARIABLE = YES;
				IPHONEOS_DEPLOYMENT_TARGET = 7.0;
				ONLY_ACTIVE_ARCH = YES;
				SDKROOT = iphoneos;
			};
			name = Debug;
		};
		32AC989318B4FB2F0047AA9C /* Release */ = {
			isa = XCBuildConfiguration;
			buildSettings = {
				ALWAYS_SEARCH_USER_PATHS = NO;
				ARCHS = "$(ARCHS_STANDARD_INCLUDING_64_BIT)";
				CLANG_CXX_LANGUAGE_STANDARD = "gnu++0x";
				CLANG_CXX_LIBRARY = "libc++";
				CLANG_ENABLE_MODULES = YES;
				CLANG_ENABLE_OBJC_ARC = YES;
				CLANG_WARN_BOOL_CONVERSION = YES;
				CLANG_WARN_CONSTANT_CONVERSION = YES;
				CLANG_WARN_DIRECT_OBJC_ISA_USAGE = YES_ERROR;
				CLANG_WARN_EMPTY_BODY = YES;
				CLANG_WARN_ENUM_CONVERSION = YES;
				CLANG_WARN_INT_CONVERSION = YES;
				CLANG_WARN_OBJC_ROOT_CLASS = YES_ERROR;
				CLANG_WARN__DUPLICATE_METHOD_MATCH = YES;
				"CODE_SIGN_IDENTITY[sdk=iphoneos*]" = "iPhone Developer";
				COPY_PHASE_STRIP = YES;
				ENABLE_NS_ASSERTIONS = NO;
				GCC_C_LANGUAGE_STANDARD = gnu99;
				GCC_WARN_64_TO_32_BIT_CONVERSION = YES;
				GCC_WARN_ABOUT_RETURN_TYPE = YES_ERROR;
				GCC_WARN_UNDECLARED_SELECTOR = YES;
				GCC_WARN_UNINITIALIZED_AUTOS = YES;
				GCC_WARN_UNUSED_FUNCTION = YES;
				GCC_WARN_UNUSED_VARIABLE = YES;
				IPHONEOS_DEPLOYMENT_TARGET = 7.0;
				SDKROOT = iphoneos;
				VALIDATE_PRODUCT = YES;
			};
			name = Release;
		};
		32AC989518B4FB2F0047AA9C /* Debug */ = {
			isa = XCBuildConfiguration;
			buildSettings = {
				ASSETCATALOG_COMPILER_APPICON_NAME = AppIcon;
				ASSETCATALOG_COMPILER_LAUNCHIMAGE_NAME = LaunchImage;
				GCC_PRECOMPILE_PREFIX_HEADER = YES;
				GCC_PREFIX_HEADER = "warmup2/warmup2-Prefix.pch";
				INFOPLIST_FILE = "warmup2/warmup2-Info.plist";
				IPHONEOS_DEPLOYMENT_TARGET = 6.1;
				PRODUCT_NAME = "$(TARGET_NAME)";
				WRAPPER_EXTENSION = app;
			};
			name = Debug;
		};
		32AC989618B4FB2F0047AA9C /* Release */ = {
			isa = XCBuildConfiguration;
			buildSettings = {
				ASSETCATALOG_COMPILER_APPICON_NAME = AppIcon;
				ASSETCATALOG_COMPILER_LAUNCHIMAGE_NAME = LaunchImage;
				GCC_PRECOMPILE_PREFIX_HEADER = YES;
				GCC_PREFIX_HEADER = "warmup2/warmup2-Prefix.pch";
				INFOPLIST_FILE = "warmup2/warmup2-Info.plist";
				IPHONEOS_DEPLOYMENT_TARGET = 6.1;
				PRODUCT_NAME = "$(TARGET_NAME)";
				WRAPPER_EXTENSION = app;
			};
			name = Release;
		};
		32AC989818B4FB2F0047AA9C /* Debug */ = {
			isa = XCBuildConfiguration;
			buildSettings = {
				ARCHS = "$(ARCHS_STANDARD_INCLUDING_64_BIT)";
				BUNDLE_LOADER = "$(BUILT_PRODUCTS_DIR)/warmup2.app/warmup2";
				FRAMEWORK_SEARCH_PATHS = (
					"$(SDKROOT)/Developer/Library/Frameworks",
					"$(inherited)",
					"$(DEVELOPER_FRAMEWORKS_DIR)",
				);
				GCC_PRECOMPILE_PREFIX_HEADER = YES;
				GCC_PREFIX_HEADER = "warmup2/warmup2-Prefix.pch";
				GCC_PREPROCESSOR_DEFINITIONS = (
					"DEBUG=1",
					"$(inherited)",
				);
				INFOPLIST_FILE = "warmup2Tests/warmup2Tests-Info.plist";
				PRODUCT_NAME = "$(TARGET_NAME)";
				TEST_HOST = "$(BUNDLE_LOADER)";
				WRAPPER_EXTENSION = xctest;
			};
			name = Debug;
		};
		32AC989918B4FB2F0047AA9C /* Release */ = {
			isa = XCBuildConfiguration;
			buildSettings = {
				ARCHS = "$(ARCHS_STANDARD_INCLUDING_64_BIT)";
				BUNDLE_LOADER = "$(BUILT_PRODUCTS_DIR)/warmup2.app/warmup2";
				FRAMEWORK_SEARCH_PATHS = (
					"$(SDKROOT)/Developer/Library/Frameworks",
					"$(inherited)",
					"$(DEVELOPER_FRAMEWORKS_DIR)",
				);
				GCC_PRECOMPILE_PREFIX_HEADER = YES;
				GCC_PREFIX_HEADER = "warmup2/warmup2-Prefix.pch";
				INFOPLIST_FILE = "warmup2Tests/warmup2Tests-Info.plist";
				PRODUCT_NAME = "$(TARGET_NAME)";
				TEST_HOST = "$(BUNDLE_LOADER)";
				WRAPPER_EXTENSION = xctest;
			};
			name = Release;
		};
/* End XCBuildConfiguration section */

/* Begin XCConfigurationList section */
		32AC986318B4FB2F0047AA9C /* Build configuration list for PBXProject "warmup2" */ = {
			isa = XCConfigurationList;
			buildConfigurations = (
				32AC989218B4FB2F0047AA9C /* Debug */,
				32AC989318B4FB2F0047AA9C /* Release */,
			);
			defaultConfigurationIsVisible = 0;
			defaultConfigurationName = Release;
		};
		32AC989418B4FB2F0047AA9C /* Build configuration list for PBXNativeTarget "warmup2" */ = {
			isa = XCConfigurationList;
			buildConfigurations = (
				32AC989518B4FB2F0047AA9C /* Debug */,
				32AC989618B4FB2F0047AA9C /* Release */,
			);
			defaultConfigurationIsVisible = 0;
			defaultConfigurationName = Release;
		};
		32AC989718B4FB2F0047AA9C /* Build configuration list for PBXNativeTarget "warmup2Tests" */ = {
			isa = XCConfigurationList;
			buildConfigurations = (
				32AC989818B4FB2F0047AA9C /* Debug */,
				32AC989918B4FB2F0047AA9C /* Release */,
			);
			defaultConfigurationIsVisible = 0;
			defaultConfigurationName = Release;
		};
/* End XCConfigurationList section */
	};
	rootObject = 32AC986018B4FB2F0047AA9C /* Project object */;
}
